
Microsoft Visual Studio Solution File, Format Version 12.00
# Visual Studio Version 17
VisualStudioVersion = 17.10.35122.118
MinimumVisualStudioVersion = 10.0.40219.1
Project("{8BC9CEB8-8B4A-11D0-8D11-00A0C91BC942}") = "GL_MeshShaderSample", "GL_MeshShaderSample\GL_MeshShaderSample.vcxproj", "{110DCD2B-3BE7-4C9D-ADE2-D6AD3AFA9152}"
EndProject
Global
	GlobalSection(SolutionConfigurationPlatforms) = preSolution
		Debug|x64 = Debug|x64
		Debug|x86 = Debug|x86
		Release|x64 = Release|x64
		Release|x86 = Release|x86
	EndGlobalSection
	GlobalSection(ProjectConfigurationPlatforms) = postSolution
		{110DCD2B-3BE7-4C9D-ADE2-D6AD3AFA9152}.Debug|x64.ActiveCfg = Debug|x64
		{110DCD2B-3BE7-4C9D-ADE2-D6AD3AFA9152}.Debug|x64.Build.0 = Debug|x64
		{110DCD2B-3BE7-4C9D-ADE2-D6AD3AFA9152}.Debug|x86.ActiveCfg = Debug|Win32
		{110DCD2B-3BE7-4C9D-ADE2-D6AD3AFA9152}.Debug|x86.Build.0 = Debug|Win32
		{110DCD2B-3BE7-4C9D-ADE2-D6AD3AFA9152}.Release|x64.ActiveCfg = Release|x64
		{110DCD2B-3BE7-4C9D-ADE2-D6AD3AFA9152}.Release|x64.Build.0 = Release|x64
		{110DCD2B-3BE7-4C9D-ADE2-D6AD3AFA9152}.Release|x86.ActiveCfg = Release|Win32
		{110DCD2B-3BE7-4C9D-ADE2-D6AD3AFA9152}.Release|x86.Build.0 = Release|Win32
	EndGlobalSection
	GlobalSection(SolutionProperties) = preSolution
		HideSolutionNode = FALSE
	EndGlobalSection
	GlobalSection(ExtensibilityGlobals) = postSolution
		SolutionGuid = {A0D9FD60-F85A-4836-9178-51B444CD055C}
	EndGlobalSection
EndGlobal
